
Microsoft Visual Studio Solution File, Format Version 12.00
# Visual Studio Version 17
VisualStudioVersion = 17.4.33103.184
MinimumVisualStudioVersion = 10.0.40219.1
Project("{FAE04EC0-301F-11D3-BF4B-00C04F79EFBC}") = "HelloWorld", "HelloWorld\HelloWorld.csproj", "{C1C9BB8F-094C-4296-A356-C92EE53C53C4}"
EndProject
Global
	GlobalSection(SolutionConfigurationPlatforms) = preSolution
		Debug|Any CPU = Debug|Any CPU
		Release|Any CPU = Release|Any CPU
	EndGlobalSection
	GlobalSection(ProjectConfigurationPlatforms) = postSolution
		{C1C9BB8F-094C-4296-A356-C92EE53C53C4}.Debug|Any CPU.ActiveCfg = Debug|Any CPU
		{C1C9BB8F-094C-4296-A356-C92EE53C53C4}.Debug|Any CPU.Build.0 = Debug|Any CPU
		{C1C9BB8F-094C-4296-A356-C92EE53C53C4}.Release|Any CPU.ActiveCfg = Release|Any CPU
		{C1C9BB8F-094C-4296-A356-C92EE53C53C4}.Release|Any CPU.Build.0 = Release|Any CPU
	EndGlobalSection
	GlobalSection(SolutionProperties) = preSolution
		HideSolutionNode = FALSE
	EndGlobalSection
	GlobalSection(ExtensibilityGlobals) = postSolution
		SolutionGuid = {86AD990E-3513-487F-BA79-056A30C4B8DD}
	EndGlobalSection
EndGlobal
